
Microsoft Visual Studio Solution File, Format Version 12.00
# Visual Studio Version 17
VisualStudioVersion = 17.5.33502.453
MinimumVisualStudioVersion = 10.0.40219.1
Project("{FAE04EC0-301F-11D3-BF4B-00C04F79EFBC}") = "lvtn", "lvtn\lvtn.csproj", "{06C55207-8D6C-43CC-9C52-9DC0BB4FA4CF}"
EndProject
Global
	GlobalSection(SolutionConfigurationPlatforms) = preSolution
		Debug|Any CPU = Debug|Any CPU
		Release|Any CPU = Release|Any CPU
	EndGlobalSection
	GlobalSection(ProjectConfigurationPlatforms) = postSolution
		{06C55207-8D6C-43CC-9C52-9DC0BB4FA4CF}.Debug|Any CPU.ActiveCfg = Debug|Any CPU
		{06C55207-8D6C-43CC-9C52-9DC0BB4FA4CF}.Debug|Any CPU.Build.0 = Debug|Any CPU
		{06C55207-8D6C-43CC-9C52-9DC0BB4FA4CF}.Release|Any CPU.ActiveCfg = Release|Any CPU
		{06C55207-8D6C-43CC-9C52-9DC0BB4FA4CF}.Release|Any CPU.Build.0 = Release|Any CPU
	EndGlobalSection
	GlobalSection(SolutionProperties) = preSolution
		HideSolutionNode = FALSE
	EndGlobalSection
	GlobalSection(ExtensibilityGlobals) = postSolution
		SolutionGuid = {535F1CBE-DE99-4F44-849A-77B7EF97289B}
	EndGlobalSection
EndGlobal
